PODS:
  - EX (0.0.5):
    - SnapKit
  - SnapKit (4.0.0)

DEPENDENCIES:
  - EX
  - SnapKit

SPEC REPOS:
  https://github.com/cocoapods/specs.git:
    - EX
    - SnapKit

SPEC CHECKSUMS:
  EX: 8abd19b13666387e5203a8baee9d92c0fa948e5e
  SnapKit: a42d492c16e80209130a3379f73596c3454b7694

PODFILE CHECKSUM: 7dccd5d5955a84ef21cc6852637d853237d479fb

COCOAPODS: 1.5.3
